
Microsoft Visual Studio Solution File, Format Version 12.00
# Visual Studio Version 17
VisualStudioVersion = 17.4.33213.308
MinimumVisualStudioVersion = 10.0.40219.1
Project("{888888A0-9F3D-457C-B088-3A5042F75D52}") = "nesnedFunctions", "nesnedFunctions\nesnedFunctions.pyproj", "{FAC536B5-4ED1-442A-AF41-E0FA03C445CD}"
EndProject
Global
	GlobalSection(SolutionConfigurationPlatforms) = preSolution
		Debug|Any CPU = Debug|Any CPU
		Release|Any CPU = Release|Any CPU
	EndGlobalSection
	GlobalSection(ProjectConfigurationPlatforms) = postSolution
		{FAC536B5-4ED1-442A-AF41-E0FA03C445CD}.Debug|Any CPU.ActiveCfg = Debug|Any CPU
		{FAC536B5-4ED1-442A-AF41-E0FA03C445CD}.Release|Any CPU.ActiveCfg = Release|Any CPU
	EndGlobalSection
	GlobalSection(SolutionProperties) = preSolution
		HideSolutionNode = FALSE
	EndGlobalSection
	GlobalSection(ExtensibilityGlobals) = postSolution
		SolutionGuid = {086BCC0C-3C06-4BAE-AF51-0EA1950583C1}
	EndGlobalSection
EndGlobal
