
Microsoft Visual Studio Solution File, Format Version 12.00
# Visual Studio Version 17
VisualStudioVersion = 17.5.33516.290
MinimumVisualStudioVersion = 10.0.40219.1
Project("{888888A0-9F3D-457C-B088-3A5042F75D52}") = "milletVeklili", "milletVeklili\milletVeklili.pyproj", "{B302BA11-2B4C-483D-B362-4B4269F72029}"
EndProject
Global
	GlobalSection(SolutionConfigurationPlatforms) = preSolution
		Debug|Any CPU = Debug|Any CPU
		Release|Any CPU = Release|Any CPU
	EndGlobalSection
	GlobalSection(ProjectConfigurationPlatforms) = postSolution
		{B302BA11-2B4C-483D-B362-4B4269F72029}.Debug|Any CPU.ActiveCfg = Debug|Any CPU
		{B302BA11-2B4C-483D-B362-4B4269F72029}.Release|Any CPU.ActiveCfg = Release|Any CPU
	EndGlobalSection
	GlobalSection(SolutionProperties) = preSolution
		HideSolutionNode = FALSE
	EndGlobalSection
	GlobalSection(ExtensibilityGlobals) = postSolution
		SolutionGuid = {4213B01D-DB2C-469B-9176-FD1F38576EAC}
	EndGlobalSection
EndGlobal
