
Microsoft Visual Studio Solution File, Format Version 12.00
# Visual Studio Version 17
VisualStudioVersion = 17.5.33516.290
MinimumVisualStudioVersion = 10.0.40219.1
Project("{888888A0-9F3D-457C-B088-3A5042F75D52}") = "re module", "re module\re module.pyproj", "{BFAF519B-97E3-47E1-908F-C6F0D6A4E2EE}"
EndProject
Global
	GlobalSection(SolutionConfigurationPlatforms) = preSolution
		Debug|Any CPU = Debug|Any CPU
		Release|Any CPU = Release|Any CPU
	EndGlobalSection
	GlobalSection(ProjectConfigurationPlatforms) = postSolution
		{BFAF519B-97E3-47E1-908F-C6F0D6A4E2EE}.Debug|Any CPU.ActiveCfg = Debug|Any CPU
		{BFAF519B-97E3-47E1-908F-C6F0D6A4E2EE}.Release|Any CPU.ActiveCfg = Release|Any CPU
	EndGlobalSection
	GlobalSection(SolutionProperties) = preSolution
		HideSolutionNode = FALSE
	EndGlobalSection
	GlobalSection(ExtensibilityGlobals) = postSolution
		SolutionGuid = {BF261759-CB8C-41A7-90A1-AD3F6B8C8CCE}
	EndGlobalSection
EndGlobal
