
Microsoft Visual Studio Solution File, Format Version 12.00
# Visual Studio Version 17
VisualStudioVersion = 17.4.33213.308
MinimumVisualStudioVersion = 10.0.40219.1
Project("{888888A0-9F3D-457C-B088-3A5042F75D52}") = "randomModule", "randomModule\randomModule.pyproj", "{4FD3CCB2-9461-4985-A9A9-994B5C37FA21}"
EndProject
Global
	GlobalSection(SolutionConfigurationPlatforms) = preSolution
		Debug|Any CPU = Debug|Any CPU
		Release|Any CPU = Release|Any CPU
	EndGlobalSection
	GlobalSection(ProjectConfigurationPlatforms) = postSolution
		{4FD3CCB2-9461-4985-A9A9-994B5C37FA21}.Debug|Any CPU.ActiveCfg = Debug|Any CPU
		{4FD3CCB2-9461-4985-A9A9-994B5C37FA21}.Release|Any CPU.ActiveCfg = Release|Any CPU
	EndGlobalSection
	GlobalSection(SolutionProperties) = preSolution
		HideSolutionNode = FALSE
	EndGlobalSection
	GlobalSection(ExtensibilityGlobals) = postSolution
		SolutionGuid = {1B15F610-91BF-4EC7-B6B3-A48D38FC925C}
	EndGlobalSection
EndGlobal
