
Microsoft Visual Studio Solution File, Format Version 12.00
# Visual Studio Version 17
VisualStudioVersion = 17.5.33516.290
MinimumVisualStudioVersion = 10.0.40219.1
Project("{888888A0-9F3D-457C-B088-3A5042F75D52}") = "Selenium2", "Selenium2\Selenium2.pyproj", "{B06E072C-D7E2-4F94-84EA-3D77DEE42CAE}"
EndProject
Global
	GlobalSection(SolutionConfigurationPlatforms) = preSolution
		Debug|Any CPU = Debug|Any CPU
		Release|Any CPU = Release|Any CPU
	EndGlobalSection
	GlobalSection(ProjectConfigurationPlatforms) = postSolution
		{B06E072C-D7E2-4F94-84EA-3D77DEE42CAE}.Debug|Any CPU.ActiveCfg = Debug|Any CPU
		{B06E072C-D7E2-4F94-84EA-3D77DEE42CAE}.Release|Any CPU.ActiveCfg = Release|Any CPU
	EndGlobalSection
	GlobalSection(SolutionProperties) = preSolution
		HideSolutionNode = FALSE
	EndGlobalSection
	GlobalSection(ExtensibilityGlobals) = postSolution
		SolutionGuid = {4B7DB22B-3F71-4828-876B-1D3C1463D747}
	EndGlobalSection
EndGlobal
