
Microsoft Visual Studio Solution File, Format Version 12.00
# Visual Studio Version 17
VisualStudioVersion = 17.5.33516.290
MinimumVisualStudioVersion = 10.0.40219.1
Project("{888888A0-9F3D-457C-B088-3A5042F75D52}") = "imdbProject", "imdbProject\imdbProject.pyproj", "{B8CF3387-110B-4179-9A6A-58695494E1F7}"
EndProject
Global
	GlobalSection(SolutionConfigurationPlatforms) = preSolution
		Debug|Any CPU = Debug|Any CPU
		Release|Any CPU = Release|Any CPU
	EndGlobalSection
	GlobalSection(ProjectConfigurationPlatforms) = postSolution
		{B8CF3387-110B-4179-9A6A-58695494E1F7}.Debug|Any CPU.ActiveCfg = Debug|Any CPU
		{B8CF3387-110B-4179-9A6A-58695494E1F7}.Release|Any CPU.ActiveCfg = Release|Any CPU
	EndGlobalSection
	GlobalSection(SolutionProperties) = preSolution
		HideSolutionNode = FALSE
	EndGlobalSection
	GlobalSection(ExtensibilityGlobals) = postSolution
		SolutionGuid = {4E3F1E18-2B53-416D-891D-D637EFD9CA9E}
	EndGlobalSection
EndGlobal
