
Microsoft Visual Studio Solution File, Format Version 12.00
# Visual Studio Version 17
VisualStudioVersion = 17.5.33516.290
MinimumVisualStudioVersion = 10.0.40219.1
Project("{888888A0-9F3D-457C-B088-3A5042F75D52}") = "PythonApplication5d", "PythonApplication5d\PythonApplication5d.pyproj", "{77814A7B-9BAC-403A-A10B-3814904D153D}"
EndProject
Global
	GlobalSection(SolutionConfigurationPlatforms) = preSolution
		Debug|Any CPU = Debug|Any CPU
		Release|Any CPU = Release|Any CPU
	EndGlobalSection
	GlobalSection(ProjectConfigurationPlatforms) = postSolution
		{77814A7B-9BAC-403A-A10B-3814904D153D}.Debug|Any CPU.ActiveCfg = Debug|Any CPU
		{77814A7B-9BAC-403A-A10B-3814904D153D}.Release|Any CPU.ActiveCfg = Release|Any CPU
	EndGlobalSection
	GlobalSection(SolutionProperties) = preSolution
		HideSolutionNode = FALSE
	EndGlobalSection
	GlobalSection(ExtensibilityGlobals) = postSolution
		SolutionGuid = {4CEAC7C2-50B4-4EDD-A9BD-412598707A30}
	EndGlobalSection
EndGlobal
