
Microsoft Visual Studio Solution File, Format Version 12.00
# Visual Studio Version 17
VisualStudioVersion = 17.4.33213.308
MinimumVisualStudioVersion = 10.0.40219.1
Project("{888888A0-9F3D-457C-B088-3A5042F75D52}") = "openingFiles_Writing", "openingFiles_Writing\openingFiles_Writing.pyproj", "{7B074CFF-B024-4A4B-8D23-26F3F109A117}"
EndProject
Global
	GlobalSection(SolutionConfigurationPlatforms) = preSolution
		Debug|Any CPU = Debug|Any CPU
		Release|Any CPU = Release|Any CPU
	EndGlobalSection
	GlobalSection(ProjectConfigurationPlatforms) = postSolution
		{7B074CFF-B024-4A4B-8D23-26F3F109A117}.Debug|Any CPU.ActiveCfg = Debug|Any CPU
		{7B074CFF-B024-4A4B-8D23-26F3F109A117}.Release|Any CPU.ActiveCfg = Release|Any CPU
	EndGlobalSection
	GlobalSection(SolutionProperties) = preSolution
		HideSolutionNode = FALSE
	EndGlobalSection
	GlobalSection(ExtensibilityGlobals) = postSolution
		SolutionGuid = {F1E70181-8410-435B-B986-08B0D10992EB}
	EndGlobalSection
EndGlobal
