
Microsoft Visual Studio Solution File, Format Version 12.00
# Visual Studio Version 17
VisualStudioVersion = 17.4.33213.308
MinimumVisualStudioVersion = 10.0.40219.1
Project("{888888A0-9F3D-457C-B088-3A5042F75D52}") = "Iterators", "Iterators\Iterators.pyproj", "{D9F2105D-326D-4A9B-AAEA-2A5851A4D861}"
EndProject
Global
	GlobalSection(SolutionConfigurationPlatforms) = preSolution
		Debug|Any CPU = Debug|Any CPU
		Release|Any CPU = Release|Any CPU
	EndGlobalSection
	GlobalSection(ProjectConfigurationPlatforms) = postSolution
		{D9F2105D-326D-4A9B-AAEA-2A5851A4D861}.Debug|Any CPU.ActiveCfg = Debug|Any CPU
		{D9F2105D-326D-4A9B-AAEA-2A5851A4D861}.Release|Any CPU.ActiveCfg = Release|Any CPU
	EndGlobalSection
	GlobalSection(SolutionProperties) = preSolution
		HideSolutionNode = FALSE
	EndGlobalSection
	GlobalSection(ExtensibilityGlobals) = postSolution
		SolutionGuid = {BEA17D4D-3AD7-4C89-9184-819E391BB2AB}
	EndGlobalSection
EndGlobal
